
Microsoft Visual Studio Solution File, Format Version 12.00
Project("{FAE04EC0-301F-11D3-BF4B-00C04F79EFBC}") = "PTO2306", "PTO2306\PTO2306.csproj", "{7475FF75-679D-4237-A5B4-16B17E0E6C18}"
EndProject
Project("{2150E333-8FDC-42A3-9474-1A3956D46DE8}") = "Solution Items", "Solution Items", "{DF7F8B75-1D57-441F-9951-55D0CB17CCA1}"
	ProjectSection(SolutionItems) = preProject
		compose.yaml = compose.yaml
	EndProjectSection
EndProject
Global
	GlobalSection(SolutionConfigurationPlatforms) = preSolution
		Debug|Any CPU = Debug|Any CPU
		Release|Any CPU = Release|Any CPU
	EndGlobalSection
	GlobalSection(ProjectConfigurationPlatforms) = postSolution
		{7475FF75-679D-4237-A5B4-16B17E0E6C18}.Debug|Any CPU.ActiveCfg = Debug|Any CPU
		{7475FF75-679D-4237-A5B4-16B17E0E6C18}.Debug|Any CPU.Build.0 = Debug|Any CPU
		{7475FF75-679D-4237-A5B4-16B17E0E6C18}.Release|Any CPU.ActiveCfg = Release|Any CPU
		{7475FF75-679D-4237-A5B4-16B17E0E6C18}.Release|Any CPU.Build.0 = Release|Any CPU
	EndGlobalSection
EndGlobal
